
Microsoft Visual Studio Solution File, Format Version 12.00
# Visual Studio Version 17
VisualStudioVersion = 17.5.002.0
MinimumVisualStudioVersion = 10.0.40219.1
Project("{9A19103F-16F7-4668-BE54-9A1E7A4F7556}") = "ProjetoClientes", "ProjetoClientes.csproj", "{0FFF47D6-96C5-4BDA-943D-DE6D99BB7399}"
EndProject
Global
	GlobalSection(SolutionConfigurationPlatforms) = preSolution
		Debug|Any CPU = Debug|Any CPU
		Release|Any CPU = Release|Any CPU
	EndGlobalSection
	GlobalSection(ProjectConfigurationPlatforms) = postSolution
		{0FFF47D6-96C5-4BDA-943D-DE6D99BB7399}.Debug|Any CPU.ActiveCfg = Debug|Any CPU
		{0FFF47D6-96C5-4BDA-943D-DE6D99BB7399}.Debug|Any CPU.Build.0 = Debug|Any CPU
		{0FFF47D6-96C5-4BDA-943D-DE6D99BB7399}.Release|Any CPU.ActiveCfg = Release|Any CPU
		{0FFF47D6-96C5-4BDA-943D-DE6D99BB7399}.Release|Any CPU.Build.0 = Release|Any CPU
	EndGlobalSection
	GlobalSection(SolutionProperties) = preSolution
		HideSolutionNode = FALSE
	EndGlobalSection
	GlobalSection(ExtensibilityGlobals) = postSolution
		SolutionGuid = {097C9AAC-7781-45BD-9F9A-CE3F32B5F945}
	EndGlobalSection
EndGlobal
