
Microsoft Visual Studio Solution File, Format Version 12.00
# Visual Studio Version 17
VisualStudioVersion = 17.5.002.0
MinimumVisualStudioVersion = 10.0.40219.1
Project("{9A19103F-16F7-4668-BE54-9A1E7A4F7556}") = "Atividade", "Atividade.csproj", "{2B1E256D-7EFC-4489-9967-3CC8F52730E8}"
EndProject
Global
	GlobalSection(SolutionConfigurationPlatforms) = preSolution
		Debug|Any CPU = Debug|Any CPU
		Release|Any CPU = Release|Any CPU
	EndGlobalSection
	GlobalSection(ProjectConfigurationPlatforms) = postSolution
		{2B1E256D-7EFC-4489-9967-3CC8F52730E8}.Debug|Any CPU.ActiveCfg = Debug|Any CPU
		{2B1E256D-7EFC-4489-9967-3CC8F52730E8}.Debug|Any CPU.Build.0 = Debug|Any CPU
		{2B1E256D-7EFC-4489-9967-3CC8F52730E8}.Release|Any CPU.ActiveCfg = Release|Any CPU
		{2B1E256D-7EFC-4489-9967-3CC8F52730E8}.Release|Any CPU.Build.0 = Release|Any CPU
	EndGlobalSection
	GlobalSection(SolutionProperties) = preSolution
		HideSolutionNode = FALSE
	EndGlobalSection
	GlobalSection(ExtensibilityGlobals) = postSolution
		SolutionGuid = {7CCA6724-7525-4CDB-BC21-C82F87231109}
	EndGlobalSection
EndGlobal
